
Microsoft Visual Studio Solution File, Format Version 12.00
# Visual Studio Version 17
VisualStudioVersion = 17.7.34202.233
MinimumVisualStudioVersion = 10.0.40219.1
Project("{FAE04EC0-301F-11D3-BF4B-00C04F79EFBC}") = "Z1", "Z1\Z1.csproj", "{F4EAB9FF-7CBE-47E6-86D5-A4666963D6D6}"
EndProject
Project("{FAE04EC0-301F-11D3-BF4B-00C04F79EFBC}") = "Z1.Tests", "Z1.Tests\Z1.Tests.csproj", "{83DABC7F-F58F-45FF-835F-5650A0512DD6}"
EndProject
Global
	GlobalSection(SolutionConfigurationPlatforms) = preSolution
		Debug|Any CPU = Debug|Any CPU
		Release|Any CPU = Release|Any CPU
	EndGlobalSection
	GlobalSection(ProjectConfigurationPlatforms) = postSolution
		{F4EAB9FF-7CBE-47E6-86D5-A4666963D6D6}.Debug|Any CPU.ActiveCfg = Debug|Any CPU
		{F4EAB9FF-7CBE-47E6-86D5-A4666963D6D6}.Debug|Any CPU.Build.0 = Debug|Any CPU
		{F4EAB9FF-7CBE-47E6-86D5-A4666963D6D6}.Release|Any CPU.ActiveCfg = Release|Any CPU
		{F4EAB9FF-7CBE-47E6-86D5-A4666963D6D6}.Release|Any CPU.Build.0 = Release|Any CPU
		{83DABC7F-F58F-45FF-835F-5650A0512DD6}.Debug|Any CPU.ActiveCfg = Debug|Any CPU
		{83DABC7F-F58F-45FF-835F-5650A0512DD6}.Debug|Any CPU.Build.0 = Debug|Any CPU
		{83DABC7F-F58F-45FF-835F-5650A0512DD6}.Release|Any CPU.ActiveCfg = Release|Any CPU
		{83DABC7F-F58F-45FF-835F-5650A0512DD6}.Release|Any CPU.Build.0 = Release|Any CPU
	EndGlobalSection
	GlobalSection(SolutionProperties) = preSolution
		HideSolutionNode = FALSE
	EndGlobalSection
	GlobalSection(ExtensibilityGlobals) = postSolution
		SolutionGuid = {B41699FF-9549-4BBD-ACA9-974FDF6AD4F1}
	EndGlobalSection
EndGlobal
